<?xml version="1.0" encoding="UTF-8"?>
<Scheme
   LastUpgradeVersion = "0820"
   version = "1.3">
   <BuildAction
      parallelizeBuildables = "YES"
      buildImplicitDependencies = "YES">
      <BuildActionEntries>
         <BuildActionEntry
            buildForTesting = "YES"
            buildForRunning = "YES"
            buildForProfiling = "YES"
            buildForArchiving = "YES"
            buildForAnalyzing = "YES">
            <BuildableReference
               BuildableIdentifier = "primary"
               BlueprintIdentifier = "1C25981F1E67FA55005B5569"
               BuildableName = "&#xff2d;&#xff21;&#xff33;&#xff21;.app"
               BlueprintName = "&#xff2d;&#xff21;&#xff33;&#xff21;"
               ReferencedContainer = "container:&#xff2d;&#xff21;&#xff33;&#xff21;.xcodeproj">
            </BuildableReference>
         </BuildActionEntry>
      </BuildActionEntries>
   </BuildAction>
   <TestAction
      buildConfiguration = "Debug"
      selectedDebuggerIdentifier = "Xcode.DebuggerFoundation.Debugger.LLDB"
      selectedLauncherIdentifier = "Xcode.DebuggerFoundation.Launcher.LLDB"
      shouldUseLaunchSchemeArgsEnv = "YES">
      <Testables>
         <TestableReference
            skipped = "NO">
            <BuildableReference
               BuildableIdentifier = "primary"
               BlueprintIdentifier = "1C2598331E67FA55005B5569"
               BuildableName = "&#xff2d;&#xff21;&#xff33;&#xff21;Tests.xctest"
               BlueprintName = "&#xff2d;&#xff21;&#xff33;&#xff21;Tests"
               ReferencedContainer = "container:&#xff2d;&#xff21;&#xff33;&#xff21;.xcodeproj">
            </BuildableReference>
         </TestableReference>
         <TestableReference
            skipped = "NO">
            <BuildableReference
               BuildableIdentifier = "primary"
               BlueprintIdentifier = "1C25983E1E67FA55005B5569"
               BuildableName = "&#xff2d;&#xff21;&#xff33;&#xff21;UITests.xctest"
               BlueprintName = "&#xff2d;&#xff21;&#xff33;&#xff21;UITests"
               ReferencedContainer = "container:&#xff2d;&#xff21;&#xff33;&#xff21;.xcodeproj">
            </BuildableReference>
         </TestableReference>
      </Testables>
      <MacroExpansion>
         <BuildableReference
            BuildableIdentifier = "primary"
            BlueprintIdentifier = "1C25981F1E67FA55005B5569"
            BuildableName = "&#xff2d;&#xff21;&#xff33;&#xff21;.app"
            BlueprintName = "&#xff2d;&#xff21;&#xff33;&#xff21;"
            ReferencedContainer = "container:&#xff2d;&#xff21;&#xff33;&#xff21;.xcodeproj">
         </BuildableReference>
      </MacroExpansion>
      <AdditionalOptions>
      </AdditionalOptions>
   </TestAction>
   <LaunchAction
      buildConfiguration = "Debug"
      selectedDebuggerIdentifier = "Xcode.DebuggerFoundation.Debugger.LLDB"
      selectedLauncherIdentifier = "Xcode.DebuggerFoundation.Launcher.LLDB"
      launchStyle = "0"
      useCustomWorkingDirectory = "NO"
      ignoresPersistentStateOnLaunch = "NO"
      debugDocumentVersioning = "YES"
      debugServiceExtension = "internal"
      allowLocationSimulation = "YES">
      <BuildableProductRunnable
         runnableDebuggingMode = "0">
         <BuildableReference
            BuildableIdentifier = "primary"
            BlueprintIdentifier = "1C25981F1E67FA55005B5569"
            BuildableName = "&#xff2d;&#xff21;&#xff33;&#xff21;.app"
            BlueprintName = "&#xff2d;&#xff21;&#xff33;&#xff21;"
            ReferencedContainer = "container:&#xff2d;&#xff21;&#xff33;&#xff21;.xcodeproj">
         </BuildableReference>
      </BuildableProductRunnable>
      <AdditionalOptions>
      </AdditionalOptions>
   </LaunchAction>
   <ProfileAction
      buildConfiguration = "Release"
      shouldUseLaunchSchemeArgsEnv = "YES"
      savedToolIdentifier = ""
      useCustomWorkingDirectory = "NO"
      debugDocumentVersioning = "YES">
      <BuildableProductRunnable
         runnableDebuggingMode = "0">
         <BuildableReference
            BuildableIdentifier = "primary"
            BlueprintIdentifier = "1C25981F1E67FA55005B5569"
            BuildableName = "&#xff2d;&#xff21;&#xff33;&#xff21;.app"
            BlueprintName = "&#xff2d;&#xff21;&#xff33;&#xff21;"
            ReferencedContainer = "container:&#xff2d;&#xff21;&#xff33;&#xff21;.xcodeproj">
         </BuildableReference>
      </BuildableProductRunnable>
   </ProfileAction>
   <AnalyzeAction
      buildConfiguration = "Debug">
   </AnalyzeAction>
   <ArchiveAction
      buildConfiguration = "Release"
      revealArchiveInOrganizer = "YES">
   </ArchiveAction>
</Scheme>
